
Microsoft Visual Studio Solution File, Format Version 11.00
# Visual Studio 2010
Project("{FAE04EC0-301F-11D3-BF4B-00C04F79EFBC}") = "Assembly-CSharp", "Assembly-CSharp.csproj", "{444A19F4-2CDB-0A4A-66B8-85891AC5DC75}"
EndProject
Project("{FAE04EC0-301F-11D3-BF4B-00C04F79EFBC}") = "Assembly-CSharp-Editor", "Assembly-CSharp-Editor.csproj", "{8121A839-59B2-2CB1-60A8-0DB70FC2435E}"
EndProject
Global
	GlobalSection(SolutionConfigurationPlatforms) = preSolution
		Debug|Any CPU = Debug|Any CPU
		Release|Any CPU = Release|Any CPU
	EndGlobalSection
	GlobalSection(ProjectConfigurationPlatforms) = postSolution
		{444A19F4-2CDB-0A4A-66B8-85891AC5DC75}.Debug|Any CPU.ActiveCfg = Debug|Any CPU
		{444A19F4-2CDB-0A4A-66B8-85891AC5DC75}.Debug|Any CPU.Build.0 = Debug|Any CPU
		{444A19F4-2CDB-0A4A-66B8-85891AC5DC75}.Release|Any CPU.ActiveCfg = Release|Any CPU
		{444A19F4-2CDB-0A4A-66B8-85891AC5DC75}.Release|Any CPU.Build.0 = Release|Any CPU
		{8121A839-59B2-2CB1-60A8-0DB70FC2435E}.Debug|Any CPU.ActiveCfg = Debug|Any CPU
		{8121A839-59B2-2CB1-60A8-0DB70FC2435E}.Debug|Any CPU.Build.0 = Debug|Any CPU
		{8121A839-59B2-2CB1-60A8-0DB70FC2435E}.Release|Any CPU.ActiveCfg = Release|Any CPU
		{8121A839-59B2-2CB1-60A8-0DB70FC2435E}.Release|Any CPU.Build.0 = Release|Any CPU
	EndGlobalSection
	GlobalSection(SolutionProperties) = preSolution
		HideSolutionNode = FALSE
	EndGlobalSection
	GlobalSection(MonoDevelopProperties) = preSolution
		StartupItem = Assembly-CSharp.csproj
	EndGlobalSection
EndGlobal
